
Microsoft Visual Studio Solution File, Format Version 12.00
# Visual Studio 15
VisualStudioVersion = 15.0.27428.2005
MinimumVisualStudioVersion = 10.0.40219.1
Project("{FAE04EC0-301F-11D3-BF4B-00C04F79EFBC}") = "Timekeeper", "Timekeeper.csproj", "{13664CFE-E65E-4B6B-A69C-7046DFA8727B}"
EndProject
Global
	GlobalSection(SolutionConfigurationPlatforms) = preSolution
		Debug|Any CPU = Debug|Any CPU
		Release|Any CPU = Release|Any CPU
	EndGlobalSection
	GlobalSection(ProjectConfigurationPlatforms) = postSolution
		{13664CFE-E65E-4B6B-A69C-7046DFA8727B}.Debug|Any CPU.ActiveCfg = Debug|Any CPU
		{13664CFE-E65E-4B6B-A69C-7046DFA8727B}.Debug|Any CPU.Build.0 = Debug|Any CPU
		{13664CFE-E65E-4B6B-A69C-7046DFA8727B}.Release|Any CPU.ActiveCfg = Release|Any CPU
		{13664CFE-E65E-4B6B-A69C-7046DFA8727B}.Release|Any CPU.Build.0 = Release|Any CPU
	EndGlobalSection
	GlobalSection(SolutionProperties) = preSolution
		HideSolutionNode = FALSE
	EndGlobalSection
	GlobalSection(ExtensibilityGlobals) = postSolution
		SolutionGuid = {11F20187-EA6D-46A7-B911-17366D8B600E}
	EndGlobalSection
EndGlobal
